
Microsoft Visual Studio Solution File, Format Version 12.00
# Visual Studio Version 16
VisualStudioVersion = 16.0.31313.79
MinimumVisualStudioVersion = 10.0.40219.1
Project("{FAE04EC0-301F-11D3-BF4B-00C04F79EFBC}") = "Xioma-app1", "Xioma-app1.csproj", "{7CAA72E7-678B-4C98-856F-CEC6CC83C37D}"
EndProject
Global
	GlobalSection(SolutionConfigurationPlatforms) = preSolution
		Debug|Any CPU = Debug|Any CPU
		Release|Any CPU = Release|Any CPU
	EndGlobalSection
	GlobalSection(ProjectConfigurationPlatforms) = postSolution
		{7CAA72E7-678B-4C98-856F-CEC6CC83C37D}.Debug|Any CPU.ActiveCfg = Debug|Any CPU
		{7CAA72E7-678B-4C98-856F-CEC6CC83C37D}.Debug|Any CPU.Build.0 = Debug|Any CPU
		{7CAA72E7-678B-4C98-856F-CEC6CC83C37D}.Release|Any CPU.ActiveCfg = Release|Any CPU
		{7CAA72E7-678B-4C98-856F-CEC6CC83C37D}.Release|Any CPU.Build.0 = Release|Any CPU
	EndGlobalSection
	GlobalSection(SolutionProperties) = preSolution
		HideSolutionNode = FALSE
	EndGlobalSection
	GlobalSection(ExtensibilityGlobals) = postSolution
		SolutionGuid = {9E92DE63-68E0-41AB-A1CF-A8E1988FF2BC}
	EndGlobalSection
EndGlobal
